
Microsoft Visual Studio Solution File, Format Version 12.00
# Visual Studio 15
VisualStudioVersion = 15.0.26124.0
MinimumVisualStudioVersion = 15.0.26124.0
Project("{FAE04EC0-301F-11D3-BF4B-00C04F79EFBC}") = "my-new-app", "pulsacionesdonet\my-new-app.csproj", "{DC375E7C-6344-44D8-817F-235594565F62}"
EndProject
Project("{FAE04EC0-301F-11D3-BF4B-00C04F79EFBC}") = "Datos", "Datos\Datos.csproj", "{C9D7D947-8911-4163-999F-1B97FE0F8C9D}"
EndProject
Project("{FAE04EC0-301F-11D3-BF4B-00C04F79EFBC}") = "Entity", "Entity\Entity.csproj", "{0261AE9F-C8FE-4727-AEF3-9A85F58BDEE8}"
EndProject
Project("{FAE04EC0-301F-11D3-BF4B-00C04F79EFBC}") = "Logica", "Logica\Logica.csproj", "{CCBB112D-4A87-4724-B896-43103DB0155F}"
EndProject
Global
	GlobalSection(SolutionConfigurationPlatforms) = preSolution
		Debug|Any CPU = Debug|Any CPU
		Debug|x64 = Debug|x64
		Debug|x86 = Debug|x86
		Release|Any CPU = Release|Any CPU
		Release|x64 = Release|x64
		Release|x86 = Release|x86
	EndGlobalSection
	GlobalSection(SolutionProperties) = preSolution
		HideSolutionNode = FALSE
	EndGlobalSection
	GlobalSection(ProjectConfigurationPlatforms) = postSolution
		{DC375E7C-6344-44D8-817F-235594565F62}.Debug|Any CPU.ActiveCfg = Debug|Any CPU
		{DC375E7C-6344-44D8-817F-235594565F62}.Debug|Any CPU.Build.0 = Debug|Any CPU
		{DC375E7C-6344-44D8-817F-235594565F62}.Debug|x64.ActiveCfg = Debug|Any CPU
		{DC375E7C-6344-44D8-817F-235594565F62}.Debug|x64.Build.0 = Debug|Any CPU
		{DC375E7C-6344-44D8-817F-235594565F62}.Debug|x86.ActiveCfg = Debug|Any CPU
		{DC375E7C-6344-44D8-817F-235594565F62}.Debug|x86.Build.0 = Debug|Any CPU
		{DC375E7C-6344-44D8-817F-235594565F62}.Release|Any CPU.ActiveCfg = Release|Any CPU
		{DC375E7C-6344-44D8-817F-235594565F62}.Release|Any CPU.Build.0 = Release|Any CPU
		{DC375E7C-6344-44D8-817F-235594565F62}.Release|x64.ActiveCfg = Release|Any CPU
		{DC375E7C-6344-44D8-817F-235594565F62}.Release|x64.Build.0 = Release|Any CPU
		{DC375E7C-6344-44D8-817F-235594565F62}.Release|x86.ActiveCfg = Release|Any CPU
		{DC375E7C-6344-44D8-817F-235594565F62}.Release|x86.Build.0 = Release|Any CPU
		{C9D7D947-8911-4163-999F-1B97FE0F8C9D}.Debug|Any CPU.ActiveCfg = Debug|Any CPU
		{C9D7D947-8911-4163-999F-1B97FE0F8C9D}.Debug|Any CPU.Build.0 = Debug|Any CPU
		{C9D7D947-8911-4163-999F-1B97FE0F8C9D}.Debug|x64.ActiveCfg = Debug|Any CPU
		{C9D7D947-8911-4163-999F-1B97FE0F8C9D}.Debug|x64.Build.0 = Debug|Any CPU
		{C9D7D947-8911-4163-999F-1B97FE0F8C9D}.Debug|x86.ActiveCfg = Debug|Any CPU
		{C9D7D947-8911-4163-999F-1B97FE0F8C9D}.Debug|x86.Build.0 = Debug|Any CPU
		{C9D7D947-8911-4163-999F-1B97FE0F8C9D}.Release|Any CPU.ActiveCfg = Release|Any CPU
		{C9D7D947-8911-4163-999F-1B97FE0F8C9D}.Release|Any CPU.Build.0 = Release|Any CPU
		{C9D7D947-8911-4163-999F-1B97FE0F8C9D}.Release|x64.ActiveCfg = Release|Any CPU
		{C9D7D947-8911-4163-999F-1B97FE0F8C9D}.Release|x64.Build.0 = Release|Any CPU
		{C9D7D947-8911-4163-999F-1B97FE0F8C9D}.Release|x86.ActiveCfg = Release|Any CPU
		{C9D7D947-8911-4163-999F-1B97FE0F8C9D}.Release|x86.Build.0 = Release|Any CPU
		{0261AE9F-C8FE-4727-AEF3-9A85F58BDEE8}.Debug|Any CPU.ActiveCfg = Debug|Any CPU
		{0261AE9F-C8FE-4727-AEF3-9A85F58BDEE8}.Debug|Any CPU.Build.0 = Debug|Any CPU
		{0261AE9F-C8FE-4727-AEF3-9A85F58BDEE8}.Debug|x64.ActiveCfg = Debug|Any CPU
		{0261AE9F-C8FE-4727-AEF3-9A85F58BDEE8}.Debug|x64.Build.0 = Debug|Any CPU
		{0261AE9F-C8FE-4727-AEF3-9A85F58BDEE8}.Debug|x86.ActiveCfg = Debug|Any CPU
		{0261AE9F-C8FE-4727-AEF3-9A85F58BDEE8}.Debug|x86.Build.0 = Debug|Any CPU
		{0261AE9F-C8FE-4727-AEF3-9A85F58BDEE8}.Release|Any CPU.ActiveCfg = Release|Any CPU
		{0261AE9F-C8FE-4727-AEF3-9A85F58BDEE8}.Release|Any CPU.Build.0 = Release|Any CPU
		{0261AE9F-C8FE-4727-AEF3-9A85F58BDEE8}.Release|x64.ActiveCfg = Release|Any CPU
		{0261AE9F-C8FE-4727-AEF3-9A85F58BDEE8}.Release|x64.Build.0 = Release|Any CPU
		{0261AE9F-C8FE-4727-AEF3-9A85F58BDEE8}.Release|x86.ActiveCfg = Release|Any CPU
		{0261AE9F-C8FE-4727-AEF3-9A85F58BDEE8}.Release|x86.Build.0 = Release|Any CPU
		{CCBB112D-4A87-4724-B896-43103DB0155F}.Debug|Any CPU.ActiveCfg = Debug|Any CPU
		{CCBB112D-4A87-4724-B896-43103DB0155F}.Debug|Any CPU.Build.0 = Debug|Any CPU
		{CCBB112D-4A87-4724-B896-43103DB0155F}.Debug|x64.ActiveCfg = Debug|Any CPU
		{CCBB112D-4A87-4724-B896-43103DB0155F}.Debug|x64.Build.0 = Debug|Any CPU
		{CCBB112D-4A87-4724-B896-43103DB0155F}.Debug|x86.ActiveCfg = Debug|Any CPU
		{CCBB112D-4A87-4724-B896-43103DB0155F}.Debug|x86.Build.0 = Debug|Any CPU
		{CCBB112D-4A87-4724-B896-43103DB0155F}.Release|Any CPU.ActiveCfg = Release|Any CPU
		{CCBB112D-4A87-4724-B896-43103DB0155F}.Release|Any CPU.Build.0 = Release|Any CPU
		{CCBB112D-4A87-4724-B896-43103DB0155F}.Release|x64.ActiveCfg = Release|Any CPU
		{CCBB112D-4A87-4724-B896-43103DB0155F}.Release|x64.Build.0 = Release|Any CPU
		{CCBB112D-4A87-4724-B896-43103DB0155F}.Release|x86.ActiveCfg = Release|Any CPU
		{CCBB112D-4A87-4724-B896-43103DB0155F}.Release|x86.Build.0 = Release|Any CPU
	EndGlobalSection
EndGlobal
