
Microsoft Visual Studio Solution File, Format Version 12.00
# Visual Studio 15
VisualStudioVersion = 15.0.26124.0
MinimumVisualStudioVersion = 15.0.26124.0
Project("{FAE04EC0-301F-11D3-BF4B-00C04F79EFBC}") = "my-new-app", "pulsacionesdonet\my-new-app.csproj", "{FB1C5E68-134A-4522-BDF3-1BA6390FC60E}"
EndProject
Project("{FAE04EC0-301F-11D3-BF4B-00C04F79EFBC}") = "Datos", "Datos\Datos.csproj", "{0A4E90A3-11C8-401B-863B-63290C143D75}"
EndProject
Project("{FAE04EC0-301F-11D3-BF4B-00C04F79EFBC}") = "Logica", "Logica\Logica.csproj", "{7EE4C43A-2638-4FAD-AA51-33CDF95E9BC4}"
EndProject
Project("{FAE04EC0-301F-11D3-BF4B-00C04F79EFBC}") = "Entity", "Entity\Entity.csproj", "{C3C13923-1781-487E-9599-20B56D10EEE7}"
EndProject
Global
	GlobalSection(SolutionConfigurationPlatforms) = preSolution
		Debug|Any CPU = Debug|Any CPU
		Debug|x64 = Debug|x64
		Debug|x86 = Debug|x86
		Release|Any CPU = Release|Any CPU
		Release|x64 = Release|x64
		Release|x86 = Release|x86
	EndGlobalSection
	GlobalSection(SolutionProperties) = preSolution
		HideSolutionNode = FALSE
	EndGlobalSection
	GlobalSection(ProjectConfigurationPlatforms) = postSolution
		{FB1C5E68-134A-4522-BDF3-1BA6390FC60E}.Debug|Any CPU.ActiveCfg = Debug|Any CPU
		{FB1C5E68-134A-4522-BDF3-1BA6390FC60E}.Debug|Any CPU.Build.0 = Debug|Any CPU
		{FB1C5E68-134A-4522-BDF3-1BA6390FC60E}.Debug|x64.ActiveCfg = Debug|Any CPU
		{FB1C5E68-134A-4522-BDF3-1BA6390FC60E}.Debug|x64.Build.0 = Debug|Any CPU
		{FB1C5E68-134A-4522-BDF3-1BA6390FC60E}.Debug|x86.ActiveCfg = Debug|Any CPU
		{FB1C5E68-134A-4522-BDF3-1BA6390FC60E}.Debug|x86.Build.0 = Debug|Any CPU
		{FB1C5E68-134A-4522-BDF3-1BA6390FC60E}.Release|Any CPU.ActiveCfg = Release|Any CPU
		{FB1C5E68-134A-4522-BDF3-1BA6390FC60E}.Release|Any CPU.Build.0 = Release|Any CPU
		{FB1C5E68-134A-4522-BDF3-1BA6390FC60E}.Release|x64.ActiveCfg = Release|Any CPU
		{FB1C5E68-134A-4522-BDF3-1BA6390FC60E}.Release|x64.Build.0 = Release|Any CPU
		{FB1C5E68-134A-4522-BDF3-1BA6390FC60E}.Release|x86.ActiveCfg = Release|Any CPU
		{FB1C5E68-134A-4522-BDF3-1BA6390FC60E}.Release|x86.Build.0 = Release|Any CPU
		{0A4E90A3-11C8-401B-863B-63290C143D75}.Debug|Any CPU.ActiveCfg = Debug|Any CPU
		{0A4E90A3-11C8-401B-863B-63290C143D75}.Debug|Any CPU.Build.0 = Debug|Any CPU
		{0A4E90A3-11C8-401B-863B-63290C143D75}.Debug|x64.ActiveCfg = Debug|Any CPU
		{0A4E90A3-11C8-401B-863B-63290C143D75}.Debug|x64.Build.0 = Debug|Any CPU
		{0A4E90A3-11C8-401B-863B-63290C143D75}.Debug|x86.ActiveCfg = Debug|Any CPU
		{0A4E90A3-11C8-401B-863B-63290C143D75}.Debug|x86.Build.0 = Debug|Any CPU
		{0A4E90A3-11C8-401B-863B-63290C143D75}.Release|Any CPU.ActiveCfg = Release|Any CPU
		{0A4E90A3-11C8-401B-863B-63290C143D75}.Release|Any CPU.Build.0 = Release|Any CPU
		{0A4E90A3-11C8-401B-863B-63290C143D75}.Release|x64.ActiveCfg = Release|Any CPU
		{0A4E90A3-11C8-401B-863B-63290C143D75}.Release|x64.Build.0 = Release|Any CPU
		{0A4E90A3-11C8-401B-863B-63290C143D75}.Release|x86.ActiveCfg = Release|Any CPU
		{0A4E90A3-11C8-401B-863B-63290C143D75}.Release|x86.Build.0 = Release|Any CPU
		{7EE4C43A-2638-4FAD-AA51-33CDF95E9BC4}.Debug|Any CPU.ActiveCfg = Debug|Any CPU
		{7EE4C43A-2638-4FAD-AA51-33CDF95E9BC4}.Debug|Any CPU.Build.0 = Debug|Any CPU
		{7EE4C43A-2638-4FAD-AA51-33CDF95E9BC4}.Debug|x64.ActiveCfg = Debug|Any CPU
		{7EE4C43A-2638-4FAD-AA51-33CDF95E9BC4}.Debug|x64.Build.0 = Debug|Any CPU
		{7EE4C43A-2638-4FAD-AA51-33CDF95E9BC4}.Debug|x86.ActiveCfg = Debug|Any CPU
		{7EE4C43A-2638-4FAD-AA51-33CDF95E9BC4}.Debug|x86.Build.0 = Debug|Any CPU
		{7EE4C43A-2638-4FAD-AA51-33CDF95E9BC4}.Release|Any CPU.ActiveCfg = Release|Any CPU
		{7EE4C43A-2638-4FAD-AA51-33CDF95E9BC4}.Release|Any CPU.Build.0 = Release|Any CPU
		{7EE4C43A-2638-4FAD-AA51-33CDF95E9BC4}.Release|x64.ActiveCfg = Release|Any CPU
		{7EE4C43A-2638-4FAD-AA51-33CDF95E9BC4}.Release|x64.Build.0 = Release|Any CPU
		{7EE4C43A-2638-4FAD-AA51-33CDF95E9BC4}.Release|x86.ActiveCfg = Release|Any CPU
		{7EE4C43A-2638-4FAD-AA51-33CDF95E9BC4}.Release|x86.Build.0 = Release|Any CPU
		{C3C13923-1781-487E-9599-20B56D10EEE7}.Debug|Any CPU.ActiveCfg = Debug|Any CPU
		{C3C13923-1781-487E-9599-20B56D10EEE7}.Debug|Any CPU.Build.0 = Debug|Any CPU
		{C3C13923-1781-487E-9599-20B56D10EEE7}.Debug|x64.ActiveCfg = Debug|Any CPU
		{C3C13923-1781-487E-9599-20B56D10EEE7}.Debug|x64.Build.0 = Debug|Any CPU
		{C3C13923-1781-487E-9599-20B56D10EEE7}.Debug|x86.ActiveCfg = Debug|Any CPU
		{C3C13923-1781-487E-9599-20B56D10EEE7}.Debug|x86.Build.0 = Debug|Any CPU
		{C3C13923-1781-487E-9599-20B56D10EEE7}.Release|Any CPU.ActiveCfg = Release|Any CPU
		{C3C13923-1781-487E-9599-20B56D10EEE7}.Release|Any CPU.Build.0 = Release|Any CPU
		{C3C13923-1781-487E-9599-20B56D10EEE7}.Release|x64.ActiveCfg = Release|Any CPU
		{C3C13923-1781-487E-9599-20B56D10EEE7}.Release|x64.Build.0 = Release|Any CPU
		{C3C13923-1781-487E-9599-20B56D10EEE7}.Release|x86.ActiveCfg = Release|Any CPU
		{C3C13923-1781-487E-9599-20B56D10EEE7}.Release|x86.Build.0 = Release|Any CPU
	EndGlobalSection
EndGlobal
